
Microsoft Visual Studio Solution File, Format Version 12.00
# Visual Studio Version 17
VisualStudioVersion = 17.5.002.0
MinimumVisualStudioVersion = 10.0.40219.1
Project("{9A19103F-16F7-4668-BE54-9A1E7A4F7556}") = "dotnetresourcemonitor", "dotnetresourcemonitor.Ui\dotnetresourcemonitor.csproj", "{D9CE4E54-05EF-4BAC-97A2-C5537AEB5E2F}"
EndProject
Project("{FAE04EC0-301F-11D3-BF4B-00C04F79EFBC}") = "dotnetresourcemonitor.Core", "dotnetresourcemonitor.Core\dotnetresourcemonitor.Core.csproj", "{4835DF80-D50A-4E1D-9E87-811ABA9D5364}"
EndProject
Global
	GlobalSection(SolutionConfigurationPlatforms) = preSolution
		Debug|Any CPU = Debug|Any CPU
		Release|Any CPU = Release|Any CPU
	EndGlobalSection
	GlobalSection(ProjectConfigurationPlatforms) = postSolution
		{D9CE4E54-05EF-4BAC-97A2-C5537AEB5E2F}.Debug|Any CPU.ActiveCfg = Debug|Any CPU
		{D9CE4E54-05EF-4BAC-97A2-C5537AEB5E2F}.Debug|Any CPU.Build.0 = Debug|Any CPU
		{D9CE4E54-05EF-4BAC-97A2-C5537AEB5E2F}.Release|Any CPU.ActiveCfg = Release|Any CPU
		{D9CE4E54-05EF-4BAC-97A2-C5537AEB5E2F}.Release|Any CPU.Build.0 = Release|Any CPU
		{4835DF80-D50A-4E1D-9E87-811ABA9D5364}.Debug|Any CPU.ActiveCfg = Debug|Any CPU
		{4835DF80-D50A-4E1D-9E87-811ABA9D5364}.Debug|Any CPU.Build.0 = Debug|Any CPU
		{4835DF80-D50A-4E1D-9E87-811ABA9D5364}.Release|Any CPU.ActiveCfg = Release|Any CPU
		{4835DF80-D50A-4E1D-9E87-811ABA9D5364}.Release|Any CPU.Build.0 = Release|Any CPU
	EndGlobalSection
	GlobalSection(SolutionProperties) = preSolution
		HideSolutionNode = FALSE
	EndGlobalSection
	GlobalSection(ExtensibilityGlobals) = postSolution
		SolutionGuid = {5F19A49B-E1FB-4641-B3FC-2F9DF54268EF}
	EndGlobalSection
EndGlobal
