
Microsoft Visual Studio Solution File, Format Version 12.00
# Visual Studio Version 17
VisualStudioVersion = 17.5.002.0
MinimumVisualStudioVersion = 10.0.40219.1
Project("{9A19103F-16F7-4668-BE54-9A1E7A4F7556}") = "DotnetResourceMonitor", "DotnetResourceMonitor.UI\DotnetResourceMonitor.csproj", "{2FB6CD8F-8E3D-4D26-B226-40141A3B8DBE}"
EndProject
Project("{9A19103F-16F7-4668-BE54-9A1E7A4F7556}") = "DotnetResourceMonitor.Interface", "DotnetResourceMonitor.Interface\DotnetResourceMonitor.Interface.csproj", "{38A2427C-FD53-4335-9486-AB42973C4E1D}"
EndProject
Project("{9A19103F-16F7-4668-BE54-9A1E7A4F7556}") = "DotnetResourceMonitor.Core", "DotnetResourceMonitor.Core\DotnetResourceMonitor.Core.csproj", "{402F5E6E-DEC4-4FCC-968F-B70089FBC943}"
EndProject
Global
	GlobalSection(SolutionConfigurationPlatforms) = preSolution
		Debug|Any CPU = Debug|Any CPU
		Release|Any CPU = Release|Any CPU
	EndGlobalSection
	GlobalSection(ProjectConfigurationPlatforms) = postSolution
		{2FB6CD8F-8E3D-4D26-B226-40141A3B8DBE}.Debug|Any CPU.ActiveCfg = Debug|Any CPU
		{2FB6CD8F-8E3D-4D26-B226-40141A3B8DBE}.Debug|Any CPU.Build.0 = Debug|Any CPU
		{2FB6CD8F-8E3D-4D26-B226-40141A3B8DBE}.Release|Any CPU.ActiveCfg = Release|Any CPU
		{2FB6CD8F-8E3D-4D26-B226-40141A3B8DBE}.Release|Any CPU.Build.0 = Release|Any CPU
		{38A2427C-FD53-4335-9486-AB42973C4E1D}.Debug|Any CPU.ActiveCfg = Debug|Any CPU
		{38A2427C-FD53-4335-9486-AB42973C4E1D}.Debug|Any CPU.Build.0 = Debug|Any CPU
		{38A2427C-FD53-4335-9486-AB42973C4E1D}.Release|Any CPU.ActiveCfg = Release|Any CPU
		{38A2427C-FD53-4335-9486-AB42973C4E1D}.Release|Any CPU.Build.0 = Release|Any CPU
		{402F5E6E-DEC4-4FCC-968F-B70089FBC943}.Debug|Any CPU.ActiveCfg = Debug|Any CPU
		{402F5E6E-DEC4-4FCC-968F-B70089FBC943}.Debug|Any CPU.Build.0 = Debug|Any CPU
		{402F5E6E-DEC4-4FCC-968F-B70089FBC943}.Release|Any CPU.ActiveCfg = Release|Any CPU
		{402F5E6E-DEC4-4FCC-968F-B70089FBC943}.Release|Any CPU.Build.0 = Release|Any CPU
	EndGlobalSection
	GlobalSection(SolutionProperties) = preSolution
		HideSolutionNode = FALSE
	EndGlobalSection
	GlobalSection(ExtensibilityGlobals) = postSolution
		SolutionGuid = {5F19A49B-E1FB-4641-B3FC-2F9DF54268EF}
	EndGlobalSection
EndGlobal
